{
  "name": "client",
  "version": "1.0.0",
  "lockfileVersion": 1,
  "requires": true,
  "dependencies": {
    "@altv/native-types": {
      "version": "1.0.3",
      "resolved": "https://registry.npmjs.org/@altv/native-types/-/native-types-1.0.3.tgz",
      "integrity": "sha512-ndOfwcqnVgmCf1wDZIbQp+vobPX7lpL7NTvjoJAD7f+2z52LbSOjDfyHjkzo8iDyWaK0rKXeroyJcvLGOnG2nA==",
      "dev": true
    },
    "@altv/types": {
      "version": "1.0.21",
      "resolved": "https://registry.npmjs.org/@altv/types/-/types-1.0.21.tgz",
      "integrity": "sha512-0It89Uej8wdSgOhLtI+7dGD5qajRiZ96GBUsdiAOPGTb5hKgEnd3LGiN4V8ba88AI+Ow+BVCB1IsYkrShiLmrw==",
      "dev": true
    },
    "@altv/types-client": {
      "version": "1.4.5",
      "resolved": "https://registry.npmjs.org/@altv/types-client/-/types-client-1.4.5.tgz",
      "integrity": "sha512-mioJ8aRx2xq1g1D7Zyr/HGnSSRBSHJh+rvFvSj6iKsRCaSJ98nUNTaJaAYj2lO6VHpRw5m5ojEmauCHiWUWDtw==",
      "dev": true
    },
    "@altv/types-natives": {
      "version": "1.1.0",
      "resolved": "https://registry.npmjs.org/@altv/types-natives/-/types-natives-1.1.0.tgz",
      "integrity": "sha512-u198P4QRfoI9txOMDC8kx2qD/b3KoIRUG0IgAzy1d51OTePpbpJRf7RZf8iMRRvQOBEhfwSODDggsuwb4JcMaQ==",
      "dev": true
    },
    "noty": {
      "version": "3.2.0-beta",
      "resolved": "https://registry.npmjs.org/noty/-/noty-3.2.0-beta.tgz",
      "integrity": "sha512-a1//Rth1MTQ/GCvGzwBXrZqCwOPyxiIKMdHT1TlcdrDYBYVfb7vzwsU0N4x+j/HeIQTi6/pbP8lRtY9gBz/d3Q=="
    }
  }
}
